
Microsoft Visual Studio Solution File, Format Version 11.00
# Visual Studio 2010
Project("{8BC9CEB8-8B4A-11D0-8D11-00A0C91BC942}") = "VirtuaNES", "VirtuaNES.vcxproj", "{1CD3ADED-1432-60ED-A8F1-2657EDC354D7}"
EndProject
Global
	GlobalSection(SolutionConfigurationPlatforms) = preSolution
		Debug|Win32 = Debug|Win32
		Profile|Win32 = Profile|Win32
		Release_Debugout|Win32 = Release_Debugout|Win32
		Release|Win32 = Release|Win32
	EndGlobalSection
	GlobalSection(ProjectConfigurationPlatforms) = postSolution
		{1CD3ADED-1432-60ED-A8F1-2657EDC354D7}.Debug|Win32.ActiveCfg = Debug|Win32
		{1CD3ADED-1432-60ED-A8F1-2657EDC354D7}.Debug|Win32.Build.0 = Debug|Win32
		{1CD3ADED-1432-60ED-A8F1-2657EDC354D7}.Profile|Win32.ActiveCfg = Profile|Win32
		{1CD3ADED-1432-60ED-A8F1-2657EDC354D7}.Profile|Win32.Build.0 = Profile|Win32
		{1CD3ADED-1432-60ED-A8F1-2657EDC354D7}.Release_Debugout|Win32.ActiveCfg = Release_Debugout|Win32
		{1CD3ADED-1432-60ED-A8F1-2657EDC354D7}.Release_Debugout|Win32.Build.0 = Release_Debugout|Win32
		{1CD3ADED-1432-60ED-A8F1-2657EDC354D7}.Release|Win32.ActiveCfg = Release|Win32
		{1CD3ADED-1432-60ED-A8F1-2657EDC354D7}.Release|Win32.Build.0 = Release|Win32
	EndGlobalSection
	GlobalSection(SolutionProperties) = preSolution
		HideSolutionNode = FALSE
	EndGlobalSection
EndGlobal
